
Microsoft Visual Studio Solution File, Format Version 12.00
# Visual Studio 15
VisualStudioVersion = 15.0.27428.2037
MinimumVisualStudioVersion = 10.0.40219.1
Project("{FAE04EC0-301F-11D3-BF4B-00C04F79EFBC}") = "DxSample", "DxSample.csproj", "{DFAE5FF2-D5B2-43D8-845A-90353C1D0836}"
EndProject
Global
	GlobalSection(SolutionConfigurationPlatforms) = preSolution
		Debug|Any CPU = Debug|Any CPU
		Release|Any CPU = Release|Any CPU
	EndGlobalSection
	GlobalSection(ProjectConfigurationPlatforms) = postSolution
		{DFAE5FF2-D5B2-43D8-845A-90353C1D0836}.Debug|Any CPU.ActiveCfg = Debug|Any CPU
		{DFAE5FF2-D5B2-43D8-845A-90353C1D0836}.Debug|Any CPU.Build.0 = Debug|Any CPU
		{DFAE5FF2-D5B2-43D8-845A-90353C1D0836}.Release|Any CPU.ActiveCfg = Release|Any CPU
		{DFAE5FF2-D5B2-43D8-845A-90353C1D0836}.Release|Any CPU.Build.0 = Release|Any CPU
	EndGlobalSection
	GlobalSection(SolutionProperties) = preSolution
		HideSolutionNode = FALSE
	EndGlobalSection
	GlobalSection(ExtensibilityGlobals) = postSolution
		SolutionGuid = {493187E6-698C-43C0-8008-9EF6820F91F1}
	EndGlobalSection
EndGlobal
